
Microsoft Visual Studio Solution File, Format Version 12.00
# Visual Studio Version 16
VisualStudioVersion = 16.0.31402.337
MinimumVisualStudioVersion = 10.0.40219.1
Project("{FAE04EC0-301F-11D3-BF4B-00C04F79EFBC}") = "Calculator", "Calculator\Calculator.csproj", "{0FFAC5BC-D8BE-4110-BE13-B96FDC9D899F}"
EndProject
Global
	GlobalSection(SolutionConfigurationPlatforms) = preSolution
		Debug|Any CPU = Debug|Any CPU
		Release|Any CPU = Release|Any CPU
	EndGlobalSection
	GlobalSection(ProjectConfigurationPlatforms) = postSolution
		{0FFAC5BC-D8BE-4110-BE13-B96FDC9D899F}.Debug|Any CPU.ActiveCfg = Debug|Any CPU
		{0FFAC5BC-D8BE-4110-BE13-B96FDC9D899F}.Debug|Any CPU.Build.0 = Debug|Any CPU
		{0FFAC5BC-D8BE-4110-BE13-B96FDC9D899F}.Release|Any CPU.ActiveCfg = Release|Any CPU
		{0FFAC5BC-D8BE-4110-BE13-B96FDC9D899F}.Release|Any CPU.Build.0 = Release|Any CPU
	EndGlobalSection
	GlobalSection(SolutionProperties) = preSolution
		HideSolutionNode = FALSE
	EndGlobalSection
	GlobalSection(ExtensibilityGlobals) = postSolution
		SolutionGuid = {D140A197-2813-4D7A-AEAF-E86733B31E16}
	EndGlobalSection
EndGlobal
